
Microsoft Visual Studio Solution File, Format Version 12.00
# Visual Studio Version 16
VisualStudioVersion = 16.0.30114.105
MinimumVisualStudioVersion = 10.0.40219.1
Project("{9A19103F-16F7-4668-BE54-9A1E7A4F7556}") = "GraphQLProductsDemo", "GraphQLProductsDemo\GraphQLProductsDemo.csproj", "{FD2DB6C6-42C5-4E03-A63F-60E518DCFCC7}"
EndProject
Project("{FAE04EC0-301F-11D3-BF4B-00C04F79EFBC}") = "GraphQLProductsDemo.Tests.Integration", "GraphQLProductsDemo.Tests.Integration\GraphQLProductsDemo.Tests.Integration.csproj", "{075C51B4-B71D-4BAA-A936-5E0CBFE0DA6D}"
EndProject
Global
	GlobalSection(SolutionConfigurationPlatforms) = preSolution
		Debug|Any CPU = Debug|Any CPU
		Release|Any CPU = Release|Any CPU
	EndGlobalSection
	GlobalSection(ProjectConfigurationPlatforms) = postSolution
		{FD2DB6C6-42C5-4E03-A63F-60E518DCFCC7}.Debug|Any CPU.ActiveCfg = Debug|Any CPU
		{FD2DB6C6-42C5-4E03-A63F-60E518DCFCC7}.Debug|Any CPU.Build.0 = Debug|Any CPU
		{FD2DB6C6-42C5-4E03-A63F-60E518DCFCC7}.Release|Any CPU.ActiveCfg = Release|Any CPU
		{FD2DB6C6-42C5-4E03-A63F-60E518DCFCC7}.Release|Any CPU.Build.0 = Release|Any CPU
		{075C51B4-B71D-4BAA-A936-5E0CBFE0DA6D}.Debug|Any CPU.ActiveCfg = Debug|Any CPU
		{075C51B4-B71D-4BAA-A936-5E0CBFE0DA6D}.Debug|Any CPU.Build.0 = Debug|Any CPU
		{075C51B4-B71D-4BAA-A936-5E0CBFE0DA6D}.Release|Any CPU.ActiveCfg = Release|Any CPU
		{075C51B4-B71D-4BAA-A936-5E0CBFE0DA6D}.Release|Any CPU.Build.0 = Release|Any CPU
	EndGlobalSection
	GlobalSection(SolutionProperties) = preSolution
		HideSolutionNode = FALSE
	EndGlobalSection
	GlobalSection(ExtensibilityGlobals) = postSolution
		SolutionGuid = {6BB3791D-BD6F-499E-BCFA-075DC34628C6}
	EndGlobalSection
EndGlobal
