
Microsoft Visual Studio Solution File, Format Version 12.00
# Visual Studio Version 16
VisualStudioVersion = 16.0.30114.105
MinimumVisualStudioVersion = 10.0.40219.1
Project("{9A19103F-16F7-4668-BE54-9A1E7A4F7556}") = "ProductSuggestions", "ProductSuggestions\ProductSuggestions.csproj", "{3B2F8FC5-E7B9-46FB-859D-306C899C3912}"
EndProject
Project("{2150E333-8FDC-42A3-9474-1A3956D46DE8}") = "Solution Items", "Solution Items", "{C34FFF6A-C228-423E-A34A-570929BF180C}"
	ProjectSection(SolutionItems) = preProject
		ProductSuggestions\.editorconfig = ProductSuggestions\.editorconfig
	EndProjectSection
EndProject
Project("{9A19103F-16F7-4668-BE54-9A1E7A4F7556}") = "ProductSuggestions.Tests.Integration", "ProductSuggestions.Tests.Integration\ProductSuggestions.Tests.Integration.csproj", "{E7464080-8108-4B0C-841F-AF5706C0D949}"
EndProject
Project("{FAE04EC0-301F-11D3-BF4B-00C04F79EFBC}") = "ProductSuggestions.Tests.Unit", "ProductSuggestions.Tests.Unit\ProductSuggestions.Tests.Unit.csproj", "{3648993D-8F03-4B9F-8586-6D9E10E5DAB7}"
EndProject
Global
	GlobalSection(SolutionConfigurationPlatforms) = preSolution
		Debug|Any CPU = Debug|Any CPU
		Release|Any CPU = Release|Any CPU
	EndGlobalSection
	GlobalSection(ProjectConfigurationPlatforms) = postSolution
		{3B2F8FC5-E7B9-46FB-859D-306C899C3912}.Debug|Any CPU.ActiveCfg = Debug|Any CPU
		{3B2F8FC5-E7B9-46FB-859D-306C899C3912}.Debug|Any CPU.Build.0 = Debug|Any CPU
		{3B2F8FC5-E7B9-46FB-859D-306C899C3912}.Release|Any CPU.ActiveCfg = Release|Any CPU
		{3B2F8FC5-E7B9-46FB-859D-306C899C3912}.Release|Any CPU.Build.0 = Release|Any CPU
		{E7464080-8108-4B0C-841F-AF5706C0D949}.Debug|Any CPU.ActiveCfg = Debug|Any CPU
		{E7464080-8108-4B0C-841F-AF5706C0D949}.Debug|Any CPU.Build.0 = Debug|Any CPU
		{E7464080-8108-4B0C-841F-AF5706C0D949}.Release|Any CPU.ActiveCfg = Release|Any CPU
		{E7464080-8108-4B0C-841F-AF5706C0D949}.Release|Any CPU.Build.0 = Release|Any CPU
		{3648993D-8F03-4B9F-8586-6D9E10E5DAB7}.Debug|Any CPU.ActiveCfg = Debug|Any CPU
		{3648993D-8F03-4B9F-8586-6D9E10E5DAB7}.Debug|Any CPU.Build.0 = Debug|Any CPU
		{3648993D-8F03-4B9F-8586-6D9E10E5DAB7}.Release|Any CPU.ActiveCfg = Release|Any CPU
		{3648993D-8F03-4B9F-8586-6D9E10E5DAB7}.Release|Any CPU.Build.0 = Release|Any CPU
	EndGlobalSection
	GlobalSection(SolutionProperties) = preSolution
		HideSolutionNode = FALSE
	EndGlobalSection
	GlobalSection(ExtensibilityGlobals) = postSolution
		SolutionGuid = {F312E322-8AC1-4628-A7ED-F8BB22022F82}
	EndGlobalSection
EndGlobal
